
Microsoft Visual Studio Solution File, Format Version 12.00
# Visual Studio 15
VisualStudioVersion = 15.0.28307.168
MinimumVisualStudioVersion = 10.0.40219.1
Project("{FAE04EC0-301F-11D3-BF4B-00C04F79EFBC}") = "PhotoSharingApplication", "PhotoSharingApplication\PhotoSharingApplication.csproj", "{CE6B9EBC-438B-46F0-AA6B-6DC9F24EE294}"
EndProject
Global
	GlobalSection(SolutionConfigurationPlatforms) = preSolution
		Debug|Any CPU = Debug|Any CPU
		Release|Any CPU = Release|Any CPU
	EndGlobalSection
	GlobalSection(ProjectConfigurationPlatforms) = postSolution
		{CE6B9EBC-438B-46F0-AA6B-6DC9F24EE294}.Debug|Any CPU.ActiveCfg = Debug|Any CPU
		{CE6B9EBC-438B-46F0-AA6B-6DC9F24EE294}.Debug|Any CPU.Build.0 = Debug|Any CPU
		{CE6B9EBC-438B-46F0-AA6B-6DC9F24EE294}.Release|Any CPU.ActiveCfg = Release|Any CPU
		{CE6B9EBC-438B-46F0-AA6B-6DC9F24EE294}.Release|Any CPU.Build.0 = Release|Any CPU
	EndGlobalSection
	GlobalSection(SolutionProperties) = preSolution
		HideSolutionNode = FALSE
	EndGlobalSection
	GlobalSection(ExtensibilityGlobals) = postSolution
		SolutionGuid = {9A336BF0-D657-49B7-836D-DC519CC8A40D}
	EndGlobalSection
EndGlobal
